
Microsoft Visual Studio Solution File, Format Version 12.00
# Visual Studio Version 16
VisualStudioVersion = 16.0.30011.22
MinimumVisualStudioVersion = 10.0.40219.1
Project("{FAE04EC0-301F-11D3-BF4B-00C04F79EFBC}") = "SRDS_Seminarska_Naloga", "SRDS_Seminarska_Naloga\SRDS_Seminarska_Naloga.csproj", "{00A4EFDE-6540-4B28-BB88-ACBFC4EE62F6}"
EndProject
Global
	GlobalSection(SolutionConfigurationPlatforms) = preSolution
		Debug|Any CPU = Debug|Any CPU
		Release|Any CPU = Release|Any CPU
	EndGlobalSection
	GlobalSection(ProjectConfigurationPlatforms) = postSolution
		{00A4EFDE-6540-4B28-BB88-ACBFC4EE62F6}.Debug|Any CPU.ActiveCfg = Debug|Any CPU
		{00A4EFDE-6540-4B28-BB88-ACBFC4EE62F6}.Debug|Any CPU.Build.0 = Debug|Any CPU
		{00A4EFDE-6540-4B28-BB88-ACBFC4EE62F6}.Release|Any CPU.ActiveCfg = Release|Any CPU
		{00A4EFDE-6540-4B28-BB88-ACBFC4EE62F6}.Release|Any CPU.Build.0 = Release|Any CPU
	EndGlobalSection
	GlobalSection(SolutionProperties) = preSolution
		HideSolutionNode = FALSE
	EndGlobalSection
	GlobalSection(ExtensibilityGlobals) = postSolution
		SolutionGuid = {BA2B2B03-4DA3-4345-BF71-596CE9737D9A}
	EndGlobalSection
EndGlobal
